// !$*UTF8*$!
{
	archiveVersion = 1;
	classes = {
	};
	objectVersion = 56;
	objects = {

/* Begin PBXBuildFile section */
		CB3DBAEB2E11CEE9000FDC99 /* Expense_TrackApp.swift in Sources */ = {isa = PBXBuildFile; fileRef = CB3DBAEA2E11CEE9000FDC99 /* Expense_TrackApp.swift */; };
		CB3DBAED2E11CEE9000FDC99 /* ContentView.swift in Sources */ = {isa = PBXBuildFile; fileRef = CB3DBAEC2E11CEE9000FDC99 /* ContentView.swift */; };
		CB3DBAEF2E11CEED000FDC99 /* Assets.xcassets in Resources */ = {isa = PBXBuildFile; fileRef = CB3DBAEE2E11CEED000FDC99 /* Assets.xcassets */; };
		CB3DBAF22E11CEED000FDC99 /* Preview Assets.xcassets in Resources */ = {isa = PBXBuildFile; fileRef = CB3DBAF12E11CEED000FDC99 /* Preview Assets.xcassets */; };
		CB3DBAFC2E11CEEE000FDC99 /* Expense_TrackTests.swift in Sources */ = {isa = PBXBuildFile; fileRef = CB3DBAFB2E11CEEE000FDC99 /* Expense_TrackTests.swift */; };
		CB3DBB062E11CEEE000FDC99 /* Expense_TrackUITests.swift in Sources */ = {isa = PBXBuildFile; fileRef = CB3DBB052E11CEEE000FDC99 /* Expense_TrackUITests.swift */; };
		CB3DBB082E11CEEE000FDC99 /* Expense_TrackUITestsLaunchTests.swift in Sources */ = {isa = PBXBuildFile; fileRef = CB3DBB072E11CEEE000FDC99 /* Expense_TrackUITestsLaunchTests.swift */; };
		CB3DBB1D2E11D881000FDC99 /* GoogleService-Info.plist in Resources */ = {isa = PBXBuildFile; fileRef = CB3DBB1C2E11D881000FDC99 /* GoogleService-Info.plist */; };
		CB3DBB202E11DC52000FDC99 /* FirebaseAppCheck in Frameworks */ = {isa = PBXBuildFile; productRef = CB3DBB1F2E11DC52000FDC99 /* FirebaseAppCheck */; };
		CB3DBB222E11DC52000FDC99 /* FirebaseAuth in Frameworks */ = {isa = PBXBuildFile; productRef = CB3DBB212E11DC52000FDC99 /* FirebaseAuth */; };
		CB3DBB242E11DC52000FDC99 /* FirebaseFirestore in Frameworks */ = {isa = PBXBuildFile; productRef = CB3DBB232E11DC52000FDC99 /* FirebaseFirestore */; };
		CB3DBB262E11DC52000FDC99 /* FirebaseFirestoreSwift in Frameworks */ = {isa = PBXBuildFile; productRef = CB3DBB252E11DC52000FDC99 /* FirebaseFirestoreSwift */; };
		CB3DBB3F2E1245AB000FDC99 /* ExpenseCategory.swift in Sources */ = {isa = PBXBuildFile; fileRef = CB3DBB3D2E1245AB000FDC99 /* ExpenseCategory.swift */; };
		CB3DBB402E1245AB000FDC99 /* Expense.swift in Sources */ = {isa = PBXBuildFile; fileRef = CB3DBB3E2E1245AB000FDC99 /* Expense.swift */; };
		CB3DBB422E1245CC000FDC99 /* FirebaseManager.swift in Sources */ = {isa = PBXBuildFile; fileRef = CB3DBB412E1245CC000FDC99 /* FirebaseManager.swift */; };
		CB3DBB452E1245EC000FDC99 /* AuthViewModel.swift in Sources */ = {isa = PBXBuildFile; fileRef = CB3DBB432E1245EB000FDC99 /* AuthViewModel.swift */; };
		CB3DBB462E1245EC000FDC99 /* ExpenseViewModel.swift in Sources */ = {isa = PBXBuildFile; fileRef = CB3DBB442E1245EB000FDC99 /* ExpenseViewModel.swift */; };
		CB3DBB4B2E12460C000FDC99 /* AddExpenseView.swift in Sources */ = {isa = PBXBuildFile; fileRef = CB3DBB472E12460B000FDC99 /* AddExpenseView.swift */; };
		CB3DBB4C2E12460C000FDC99 /* LoginView.swift in Sources */ = {isa = PBXBuildFile; fileRef = CB3DBB482E12460B000FDC99 /* LoginView.swift */; };
		CB3DBB4D2E12460C000FDC99 /* SignupView.swift in Sources */ = {isa = PBXBuildFile; fileRef = CB3DBB492E12460B000FDC99 /* SignupView.swift */; };
		CB3DBB4E2E12460C000FDC99 /* DashboardView.swift in Sources */ = {isa = PBXBuildFile; fileRef = CB3DBB4A2E12460B000FDC99 /* DashboardView.swift */; };
		CB3DBB502E125116000FDC99 /* UserProfile.swift in Sources */ = {isa = PBXBuildFile; fileRef = CB3DBB4F2E125116000FDC99 /* UserProfile.swift */; };
		CB3DBB5A2E1257C0000FDC99 /* ProfileViewModel.swift in Sources */ = {isa = PBXBuildFile; fileRef = CB3DBB592E1257C0000FDC99 /* ProfileViewModel.swift */; };
		CB3DBB5E2E1257E4000FDC99 /* ProfileView.swift in Sources */ = {isa = PBXBuildFile; fileRef = CB3DBB5B2E1257E4000FDC99 /* ProfileView.swift */; };
		CB3DBB5F2E1257E4000FDC99 /* BudgetReportView.swift in Sources */ = {isa = PBXBuildFile; fileRef = CB3DBB5C2E1257E4000FDC99 /* BudgetReportView.swift */; };
		CB3DBB602E1257E4000FDC99 /* MainTabView.swift in Sources */ = {isa = PBXBuildFile; fileRef = CB3DBB5D2E1257E4000FDC99 /* MainTabView.swift */; };
/* End PBXBuildFile section */

/* Begin PBXContainerItemProxy section */
		CB3DBAF82E11CEEE000FDC99 /* PBXContainerItemProxy */ = {
			isa = PBXContainerItemProxy;
			containerPortal = CB3DBADF2E11CEE9000FDC99 /* Project object */;
			proxyType = 1;
			remoteGlobalIDString = CB3DBAE62E11CEE9000FDC99;
			remoteInfo = Expense_Track;
		};
		CB3DBB022E11CEEE000FDC99 /* PBXContainerItemProxy */ = {
			isa = PBXContainerItemProxy;
			containerPortal = CB3DBADF2E11CEE9000FDC99 /* Project object */;
			proxyType = 1;
			remoteGlobalIDString = CB3DBAE62E11CEE9000FDC99;
			remoteInfo = Expense_Track;
		};
/* End PBXContainerItemProxy section */

/* Begin PBXFileReference section */
		CB3DBAE72E11CEE9000FDC99 /* Expense_Track.app */ = {isa = PBXFileReference; explicitFileType = wrapper.application; includeInIndex = 0; path = Expense_Track.app; sourceTree = BUILT_PRODUCTS_DIR; };
		CB3DBAEA2E11CEE9000FDC99 /* Expense_TrackApp.swift */ = {isa = PBXFileReference; lastKnownFileType = sourcecode.swift; path = Expense_TrackApp.swift; sourceTree = "<group>"; };
		CB3DBAEC2E11CEE9000FDC99 /* ContentView.swift */ = {isa = PBXFileReference; lastKnownFileType = sourcecode.swift; path = ContentView.swift; sourceTree = "<group>"; };
		CB3DBAEE2E11CEED000FDC99 /* Assets.xcassets */ = {isa = PBXFileReference; lastKnownFileType = folder.assetcatalog; path = Assets.xcassets; sourceTree = "<group>"; };
		CB3DBAF12E11CEED000FDC99 /* Preview Assets.xcassets */ = {isa = PBXFileReference; lastKnownFileType = folder.assetcatalog; path = "Preview Assets.xcassets"; sourceTree = "<group>"; };
		CB3DBAF72E11CEEE000FDC99 /* Expense_TrackTests.xctest */ = {isa = PBXFileReference; explicitFileType = wrapper.cfbundle; includeInIndex = 0; path = Expense_TrackTests.xctest; sourceTree = BUILT_PRODUCTS_DIR; };
		CB3DBAFB2E11CEEE000FDC99 /* Expense_TrackTests.swift */ = {isa = PBXFileReference; lastKnownFileType = sourcecode.swift; path = Expense_TrackTests.swift; sourceTree = "<group>"; };
		CB3DBB012E11CEEE000FDC99 /* Expense_TrackUITests.xctest */ = {isa = PBXFileReference; explicitFileType = wrapper.cfbundle; includeInIndex = 0; path = Expense_TrackUITests.xctest; sourceTree = BUILT_PRODUCTS_DIR; };
		CB3DBB052E11CEEE000FDC99 /* Expense_TrackUITests.swift */ = {isa = PBXFileReference; lastKnownFileType = sourcecode.swift; path = Expense_TrackUITests.swift; sourceTree = "<group>"; };
		CB3DBB072E11CEEE000FDC99 /* Expense_TrackUITestsLaunchTests.swift */ = {isa = PBXFileReference; lastKnownFileType = sourcecode.swift; path = Expense_TrackUITestsLaunchTests.swift; sourceTree = "<group>"; };
		CB3DBB1C2E11D881000FDC99 /* GoogleService-Info.plist */ = {isa = PBXFileReference; fileEncoding = 4; lastKnownFileType = text.plist.xml; path = "GoogleService-Info.plist"; sourceTree = "<group>"; };
		CB3DBB3D2E1245AB000FDC99 /* ExpenseCategory.swift */ = {isa = PBXFileReference; fileEncoding = 4; lastKnownFileType = sourcecode.swift; name = ExpenseCategory.swift; path = Models/ExpenseCategory.swift; sourceTree = "<group>"; };
		CB3DBB3E2E1245AB000FDC99 /* Expense.swift */ = {isa = PBXFileReference; fileEncoding = 4; lastKnownFileType = sourcecode.swift; name = Expense.swift; path = Models/Expense.swift; sourceTree = "<group>"; };
		CB3DBB412E1245CC000FDC99 /* FirebaseManager.swift */ = {isa = PBXFileReference; fileEncoding = 4; lastKnownFileType = sourcecode.swift; name = FirebaseManager.swift; path = Services/FirebaseManager.swift; sourceTree = "<group>"; };
		CB3DBB432E1245EB000FDC99 /* AuthViewModel.swift */ = {isa = PBXFileReference; fileEncoding = 4; lastKnownFileType = sourcecode.swift; name = AuthViewModel.swift; path = ViewModels/AuthViewModel.swift; sourceTree = "<group>"; };
		CB3DBB442E1245EB000FDC99 /* ExpenseViewModel.swift */ = {isa = PBXFileReference; fileEncoding = 4; lastKnownFileType = sourcecode.swift; name = ExpenseViewModel.swift; path = ViewModels/ExpenseViewModel.swift; sourceTree = "<group>"; };
		CB3DBB472E12460B000FDC99 /* AddExpenseView.swift */ = {isa = PBXFileReference; fileEncoding = 4; lastKnownFileType = sourcecode.swift; name = AddExpenseView.swift; path = Views/AddExpenseView.swift; sourceTree = "<group>"; };
		CB3DBB482E12460B000FDC99 /* LoginView.swift */ = {isa = PBXFileReference; fileEncoding = 4; lastKnownFileType = sourcecode.swift; name = LoginView.swift; path = Views/LoginView.swift; sourceTree = "<group>"; };
		CB3DBB492E12460B000FDC99 /* SignupView.swift */ = {isa = PBXFileReference; fileEncoding = 4; lastKnownFileType = sourcecode.swift; name = SignupView.swift; path = Views/SignupView.swift; sourceTree = "<group>"; };
		CB3DBB4A2E12460B000FDC99 /* DashboardView.swift */ = {isa = PBXFileReference; fileEncoding = 4; lastKnownFileType = sourcecode.swift; name = DashboardView.swift; path = Views/DashboardView.swift; sourceTree = "<group>"; };
		CB3DBB4F2E125116000FDC99 /* UserProfile.swift */ = {isa = PBXFileReference; lastKnownFileType = sourcecode.swift; path = UserProfile.swift; sourceTree = "<group>"; };
		CB3DBB592E1257C0000FDC99 /* ProfileViewModel.swift */ = {isa = PBXFileReference; fileEncoding = 4; lastKnownFileType = sourcecode.swift; name = ProfileViewModel.swift; path = Models/ProfileViewModel.swift; sourceTree = "<group>"; };
		CB3DBB5B2E1257E4000FDC99 /* ProfileView.swift */ = {isa = PBXFileReference; fileEncoding = 4; lastKnownFileType = sourcecode.swift; name = ProfileView.swift; path = Views/ProfileView.swift; sourceTree = "<group>"; };
		CB3DBB5C2E1257E4000FDC99 /* BudgetReportView.swift */ = {isa = PBXFileReference; fileEncoding = 4; lastKnownFileType = sourcecode.swift; name = BudgetReportView.swift; path = Views/BudgetReportView.swift; sourceTree = "<group>"; };
		CB3DBB5D2E1257E4000FDC99 /* MainTabView.swift */ = {isa = PBXFileReference; fileEncoding = 4; lastKnownFileType = sourcecode.swift; name = MainTabView.swift; path = Views/MainTabView.swift; sourceTree = "<group>"; };
/* End PBXFileReference section */

/* Begin PBXFrameworksBuildPhase section */
		CB3DBAE42E11CEE9000FDC99 /* Frameworks */ = {
			isa = PBXFrameworksBuildPhase;
			buildActionMask = 2147483647;
			files = (
				CB3DBB202E11DC52000FDC99 /* FirebaseAppCheck in Frameworks */,
				CB3DBB222E11DC52000FDC99 /* FirebaseAuth in Frameworks */,
				CB3DBB242E11DC52000FDC99 /* FirebaseFirestore in Frameworks */,
				CB3DBB262E11DC52000FDC99 /* FirebaseFirestoreSwift in Frameworks */,
			);
			runOnlyForDeploymentPostprocessing = 0;
		};
		CB3DBAF42E11CEEE000FDC99 /* Frameworks */ = {
			isa = PBXFrameworksBuildPhase;
			buildActionMask = 2147483647;
			files = (
			);
			runOnlyForDeploymentPostprocessing = 0;
		};
		CB3DBAFE2E11CEEE000FDC99 /* Frameworks */ = {
			isa = PBXFrameworksBuildPhase;
			buildActionMask = 2147483647;
			files = (
			);
			runOnlyForDeploymentPostprocessing = 0;
		};
/* End PBXFrameworksBuildPhase section */

/* Begin PBXGroup section */
		CB3DBADE2E11CEE9000FDC99 = {
			isa = PBXGroup;
			children = (
				CB3DBAE92E11CEE9000FDC99 /* Expense_Track */,
				CB3DBAFA2E11CEEE000FDC99 /* Expense_TrackTests */,
				CB3DBB042E11CEEE000FDC99 /* Expense_TrackUITests */,
				CB3DBAE82E11CEE9000FDC99 /* Products */,
			);
			sourceTree = "<group>";
		};
		CB3DBAE82E11CEE9000FDC99 /* Products */ = {
			isa = PBXGroup;
			children = (
				CB3DBAE72E11CEE9000FDC99 /* Expense_Track.app */,
				CB3DBAF72E11CEEE000FDC99 /* Expense_TrackTests.xctest */,
				CB3DBB012E11CEEE000FDC99 /* Expense_TrackUITests.xctest */,
			);
			name = Products;
			sourceTree = "<group>";
		};
		CB3DBAE92E11CEE9000FDC99 /* Expense_Track */ = {
			isa = PBXGroup;
			children = (
				CB3DBB5C2E1257E4000FDC99 /* BudgetReportView.swift */,
				CB3DBB5D2E1257E4000FDC99 /* MainTabView.swift */,
				CB3DBB5B2E1257E4000FDC99 /* ProfileView.swift */,
				CB3DBB592E1257C0000FDC99 /* ProfileViewModel.swift */,
				CB3DBB4F2E125116000FDC99 /* UserProfile.swift */,
				CB3DBB472E12460B000FDC99 /* AddExpenseView.swift */,
				CB3DBB4A2E12460B000FDC99 /* DashboardView.swift */,
				CB3DBB482E12460B000FDC99 /* LoginView.swift */,
				CB3DBB492E12460B000FDC99 /* SignupView.swift */,
				CB3DBB432E1245EB000FDC99 /* AuthViewModel.swift */,
				CB3DBB442E1245EB000FDC99 /* ExpenseViewModel.swift */,
				CB3DBB412E1245CC000FDC99 /* FirebaseManager.swift */,
				CB3DBB3E2E1245AB000FDC99 /* Expense.swift */,
				CB3DBB3D2E1245AB000FDC99 /* ExpenseCategory.swift */,
				CB3DBAEA2E11CEE9000FDC99 /* Expense_TrackApp.swift */,
				CB3DBB1C2E11D881000FDC99 /* GoogleService-Info.plist */,
				CB3DBAEC2E11CEE9000FDC99 /* ContentView.swift */,
				CB3DBAEE2E11CEED000FDC99 /* Assets.xcassets */,
				CB3DBAF02E11CEED000FDC99 /* Preview Content */,
			);
			path = Expense_Track;
			sourceTree = "<group>";
		};
		CB3DBAF02E11CEED000FDC99 /* Preview Content */ = {
			isa = PBXGroup;
			children = (
				CB3DBAF12E11CEED000FDC99 /* Preview Assets.xcassets */,
			);
			path = "Preview Content";
			sourceTree = "<group>";
		};
		CB3DBAFA2E11CEEE000FDC99 /* Expense_TrackTests */ = {
			isa = PBXGroup;
			children = (
				CB3DBAFB2E11CEEE000FDC99 /* Expense_TrackTests.swift */,
			);
			path = Expense_TrackTests;
			sourceTree = "<group>";
		};
		CB3DBB042E11CEEE000FDC99 /* Expense_TrackUITests */ = {
			isa = PBXGroup;
			children = (
				CB3DBB052E11CEEE000FDC99 /* Expense_TrackUITests.swift */,
				CB3DBB072E11CEEE000FDC99 /* Expense_TrackUITestsLaunchTests.swift */,
			);
			path = Expense_TrackUITests;
			sourceTree = "<group>";
		};
/* End PBXGroup section */

/* Begin PBXNativeTarget section */
		CB3DBAE62E11CEE9000FDC99 /* Expense_Track */ = {
			isa = PBXNativeTarget;
			buildConfigurationList = CB3DBB0B2E11CEEE000FDC99 /* Build configuration list for PBXNativeTarget "Expense_Track" */;
			buildPhases = (
				CB3DBAE32E11CEE9000FDC99 /* Sources */,
				CB3DBAE42E11CEE9000FDC99 /* Frameworks */,
				CB3DBAE52E11CEE9000FDC99 /* Resources */,
			);
			buildRules = (
			);
			dependencies = (
			);
			name = Expense_Track;
			packageProductDependencies = (
				CB3DBB1F2E11DC52000FDC99 /* FirebaseAppCheck */,
				CB3DBB212E11DC52000FDC99 /* FirebaseAuth */,
				CB3DBB232E11DC52000FDC99 /* FirebaseFirestore */,
				CB3DBB252E11DC52000FDC99 /* FirebaseFirestoreSwift */,
			);
			productName = Expense_Track;
			productReference = CB3DBAE72E11CEE9000FDC99 /* Expense_Track.app */;
			productType = "com.apple.product-type.application";
		};
		CB3DBAF62E11CEEE000FDC99 /* Expense_TrackTests */ = {
			isa = PBXNativeTarget;
			buildConfigurationList = CB3DBB0E2E11CEEE000FDC99 /* Build configuration list for PBXNativeTarget "Expense_TrackTests" */;
			buildPhases = (
				CB3DBAF32E11CEEE000FDC99 /* Sources */,
				CB3DBAF42E11CEEE000FDC99 /* Frameworks */,
				CB3DBAF52E11CEEE000FDC99 /* Resources */,
			);
			buildRules = (
			);
			dependencies = (
				CB3DBAF92E11CEEE000FDC99 /* PBXTargetDependency */,
			);
			name = Expense_TrackTests;
			productName = Expense_TrackTests;
			productReference = CB3DBAF72E11CEEE000FDC99 /* Expense_TrackTests.xctest */;
			productType = "com.apple.product-type.bundle.unit-test";
		};
		CB3DBB002E11CEEE000FDC99 /* Expense_TrackUITests */ = {
			isa = PBXNativeTarget;
			buildConfigurationList = CB3DBB112E11CEEE000FDC99 /* Build configuration list for PBXNativeTarget "Expense_TrackUITests" */;
			buildPhases = (
				CB3DBAFD2E11CEEE000FDC99 /* Sources */,
				CB3DBAFE2E11CEEE000FDC99 /* Frameworks */,
				CB3DBAFF2E11CEEE000FDC99 /* Resources */,
			);
			buildRules = (
			);
			dependencies = (
				CB3DBB032E11CEEE000FDC99 /* PBXTargetDependency */,
			);
			name = Expense_TrackUITests;
			productName = Expense_TrackUITests;
			productReference = CB3DBB012E11CEEE000FDC99 /* Expense_TrackUITests.xctest */;
			productType = "com.apple.product-type.bundle.ui-testing";
		};
/* End PBXNativeTarget section */

/* Begin PBXProject section */
		CB3DBADF2E11CEE9000FDC99 /* Project object */ = {
			isa = PBXProject;
			attributes = {
				BuildIndependentTargetsInParallel = 1;
				LastSwiftUpdateCheck = 1410;
				LastUpgradeCheck = 1410;
				TargetAttributes = {
					CB3DBAE62E11CEE9000FDC99 = {
						CreatedOnToolsVersion = 14.1;
					};
					CB3DBAF62E11CEEE000FDC99 = {
						CreatedOnToolsVersion = 14.1;
						TestTargetID = CB3DBAE62E11CEE9000FDC99;
					};
					CB3DBB002E11CEEE000FDC99 = {
						CreatedOnToolsVersion = 14.1;
						TestTargetID = CB3DBAE62E11CEE9000FDC99;
					};
				};
			};
			buildConfigurationList = CB3DBAE22E11CEE9000FDC99 /* Build configuration list for PBXProject "Expense_Track" */;
			compatibilityVersion = "Xcode 14.0";
			developmentRegion = en;
			hasScannedForEncodings = 0;
			knownRegions = (
				en,
				Base,
			);
			mainGroup = CB3DBADE2E11CEE9000FDC99;
			packageReferences = (
				CB3DBB1E2E11DC52000FDC99 /* XCRemoteSwiftPackageReference "firebase-ios-sdk" */,
			);
			productRefGroup = CB3DBAE82E11CEE9000FDC99 /* Products */;
			projectDirPath = "";
			projectRoot = "";
			targets = (
				CB3DBAE62E11CEE9000FDC99 /* Expense_Track */,
				CB3DBAF62E11CEEE000FDC99 /* Expense_TrackTests */,
				CB3DBB002E11CEEE000FDC99 /* Expense_TrackUITests */,
			);
		};
/* End PBXProject section */

/* Begin PBXResourcesBuildPhase section */
		CB3DBAE52E11CEE9000FDC99 /* Resources */ = {
			isa = PBXResourcesBuildPhase;
			buildActionMask = 2147483647;
			files = (
				CB3DBAF22E11CEED000FDC99 /* Preview Assets.xcassets in Resources */,
				CB3DBAEF2E11CEED000FDC99 /* Assets.xcassets in Resources */,
				CB3DBB1D2E11D881000FDC99 /* GoogleService-Info.plist in Resources */,
			);
			runOnlyForDeploymentPostprocessing = 0;
		};
		CB3DBAF52E11CEEE000FDC99 /* Resources */ = {
			isa = PBXResourcesBuildPhase;
			buildActionMask = 2147483647;
			files = (
			);
			runOnlyForDeploymentPostprocessing = 0;
		};
		CB3DBAFF2E11CEEE000FDC99 /* Resources */ = {
			isa = PBXResourcesBuildPhase;
			buildActionMask = 2147483647;
			files = (
			);
			runOnlyForDeploymentPostprocessing = 0;
		};
/* End PBXResourcesBuildPhase section */

/* Begin PBXSourcesBuildPhase section */
		CB3DBAE32E11CEE9000FDC99 /* Sources */ = {
			isa = PBXSourcesBuildPhase;
			buildActionMask = 2147483647;
			files = (
				CB3DBB402E1245AB000FDC99 /* Expense.swift in Sources */,
				CB3DBAED2E11CEE9000FDC99 /* ContentView.swift in Sources */,
				CB3DBB452E1245EC000FDC99 /* AuthViewModel.swift in Sources */,
				CB3DBB602E1257E4000FDC99 /* MainTabView.swift in Sources */,
				CB3DBB4C2E12460C000FDC99 /* LoginView.swift in Sources */,
				CB3DBB4D2E12460C000FDC99 /* SignupView.swift in Sources */,
				CB3DBB4B2E12460C000FDC99 /* AddExpenseView.swift in Sources */,
				CB3DBB4E2E12460C000FDC99 /* DashboardView.swift in Sources */,
				CB3DBB5F2E1257E4000FDC99 /* BudgetReportView.swift in Sources */,
				CB3DBB462E1245EC000FDC99 /* ExpenseViewModel.swift in Sources */,
				CB3DBB502E125116000FDC99 /* UserProfile.swift in Sources */,
				CB3DBB422E1245CC000FDC99 /* FirebaseManager.swift in Sources */,
				CB3DBB5A2E1257C0000FDC99 /* ProfileViewModel.swift in Sources */,
				CB3DBAEB2E11CEE9000FDC99 /* Expense_TrackApp.swift in Sources */,
				CB3DBB5E2E1257E4000FDC99 /* ProfileView.swift in Sources */,
				CB3DBB3F2E1245AB000FDC99 /* ExpenseCategory.swift in Sources */,
			);
			runOnlyForDeploymentPostprocessing = 0;
		};
		CB3DBAF32E11CEEE000FDC99 /* Sources */ = {
			isa = PBXSourcesBuildPhase;
			buildActionMask = 2147483647;
			files = (
				CB3DBAFC2E11CEEE000FDC99 /* Expense_TrackTests.swift in Sources */,
			);
			runOnlyForDeploymentPostprocessing = 0;
		};
		CB3DBAFD2E11CEEE000FDC99 /* Sources */ = {
			isa = PBXSourcesBuildPhase;
			buildActionMask = 2147483647;
			files = (
				CB3DBB062E11CEEE000FDC99 /* Expense_TrackUITests.swift in Sources */,
				CB3DBB082E11CEEE000FDC99 /* Expense_TrackUITestsLaunchTests.swift in Sources */,
			);
			runOnlyForDeploymentPostprocessing = 0;
		};
/* End PBXSourcesBuildPhase section */

/* Begin PBXTargetDependency section */
		CB3DBAF92E11CEEE000FDC99 /* PBXTargetDependency */ = {
			isa = PBXTargetDependency;
			target = CB3DBAE62E11CEE9000FDC99 /* Expense_Track */;
			targetProxy = CB3DBAF82E11CEEE000FDC99 /* PBXContainerItemProxy */;
		};
		CB3DBB032E11CEEE000FDC99 /* PBXTargetDependency */ = {
			isa = PBXTargetDependency;
			target = CB3DBAE62E11CEE9000FDC99 /* Expense_Track */;
			targetProxy = CB3DBB022E11CEEE000FDC99 /* PBXContainerItemProxy */;
		};
/* End PBXTargetDependency section */

/* Begin XCBuildConfiguration section */
		CB3DBB092E11CEEE000FDC99 /* Debug */ = {
			isa = XCBuildConfiguration;
			buildSettings = {
				ALWAYS_SEARCH_USER_PATHS = NO;
				CLANG_ANALYZER_NONNULL = YES;
				CLANG_ANALYZER_NUMBER_OBJECT_CONVERSION = YES_AGGRESSIVE;
				CLANG_CXX_LANGUAGE_STANDARD = "gnu++20";
				CLANG_ENABLE_MODULES = YES;
				CLANG_ENABLE_OBJC_ARC = YES;
				CLANG_ENABLE_OBJC_WEAK = YES;
				CLANG_WARN_BLOCK_CAPTURE_AUTORELEASING = YES;
				CLANG_WARN_BOOL_CONVERSION = YES;
				CLANG_WARN_COMMA = YES;
				CLANG_WARN_CONSTANT_CONVERSION = YES;
				CLANG_WARN_DEPRECATED_OBJC_IMPLEMENTATIONS = YES;
				CLANG_WARN_DIRECT_OBJC_ISA_USAGE = YES_ERROR;
				CLANG_WARN_DOCUMENTATION_COMMENTS = YES;
				CLANG_WARN_EMPTY_BODY = YES;
				CLANG_WARN_ENUM_CONVERSION = YES;
				CLANG_WARN_INFINITE_RECURSION = YES;
				CLANG_WARN_INT_CONVERSION = YES;
				CLANG_WARN_NON_LITERAL_NULL_CONVERSION = YES;
				CLANG_WARN_OBJC_IMPLICIT_RETAIN_SELF = YES;
				CLANG_WARN_OBJC_LITERAL_CONVERSION = YES;
				CLANG_WARN_OBJC_ROOT_CLASS = YES_ERROR;
				CLANG_WARN_QUOTED_INCLUDE_IN_FRAMEWORK_HEADER = YES;
				CLANG_WARN_RANGE_LOOP_ANALYSIS = YES;
				CLANG_WARN_STRICT_PROTOTYPES = YES;
				CLANG_WARN_SUSPICIOUS_MOVE = YES;
				CLANG_WARN_UNGUARDED_AVAILABILITY = YES_AGGRESSIVE;
				CLANG_WARN_UNREACHABLE_CODE = YES;
				CLANG_WARN__DUPLICATE_METHOD_MATCH = YES;
				COPY_PHASE_STRIP = NO;
				DEBUG_INFORMATION_FORMAT = dwarf;
				ENABLE_STRICT_OBJC_MSGSEND = YES;
				ENABLE_TESTABILITY = YES;
				GCC_C_LANGUAGE_STANDARD = gnu11;
				GCC_DYNAMIC_NO_PIC = NO;
				GCC_NO_COMMON_BLOCKS = YES;
				GCC_OPTIMIZATION_LEVEL = 0;
				GCC_PREPROCESSOR_DEFINITIONS = (
					"DEBUG=1",
					"$(inherited)",
				);
				GCC_WARN_64_TO_32_BIT_CONVERSION = YES;
				GCC_WARN_ABOUT_RETURN_TYPE = YES_ERROR;
				GCC_WARN_UNDECLARED_SELECTOR = YES;
				GCC_WARN_UNINITIALIZED_AUTOS = YES_AGGRESSIVE;
				GCC_WARN_UNUSED_FUNCTION = YES;
				GCC_WARN_UNUSED_VARIABLE = YES;
				IPHONEOS_DEPLOYMENT_TARGET = 16.1;
				MTL_ENABLE_DEBUG_INFO = INCLUDE_SOURCE;
				MTL_FAST_MATH = YES;
				ONLY_ACTIVE_ARCH = YES;
				SDKROOT = iphoneos;
				SWIFT_ACTIVE_COMPILATION_CONDITIONS = DEBUG;
				SWIFT_OPTIMIZATION_LEVEL = "-Onone";
			};
			name = Debug;
		};
		CB3DBB0A2E11CEEE000FDC99 /* Release */ = {
			isa = XCBuildConfiguration;
			buildSettings = {
				ALWAYS_SEARCH_USER_PATHS = NO;
				CLANG_ANALYZER_NONNULL = YES;
				CLANG_ANALYZER_NUMBER_OBJECT_CONVERSION = YES_AGGRESSIVE;
				CLANG_CXX_LANGUAGE_STANDARD = "gnu++20";
				CLANG_ENABLE_MODULES = YES;
				CLANG_ENABLE_OBJC_ARC = YES;
				CLANG_ENABLE_OBJC_WEAK = YES;
				CLANG_WARN_BLOCK_CAPTURE_AUTORELEASING = YES;
				CLANG_WARN_BOOL_CONVERSION = YES;
				CLANG_WARN_COMMA = YES;
				CLANG_WARN_CONSTANT_CONVERSION = YES;
				CLANG_WARN_DEPRECATED_OBJC_IMPLEMENTATIONS = YES;
				CLANG_WARN_DIRECT_OBJC_ISA_USAGE = YES_ERROR;
				CLANG_WARN_DOCUMENTATION_COMMENTS = YES;
				CLANG_WARN_EMPTY_BODY = YES;
				CLANG_WARN_ENUM_CONVERSION = YES;
				CLANG_WARN_INFINITE_RECURSION = YES;
				CLANG_WARN_INT_CONVERSION = YES;
				CLANG_WARN_NON_LITERAL_NULL_CONVERSION = YES;
				CLANG_WARN_OBJC_IMPLICIT_RETAIN_SELF = YES;
				CLANG_WARN_OBJC_LITERAL_CONVERSION = YES;
				CLANG_WARN_OBJC_ROOT_CLASS = YES_ERROR;
				CLANG_WARN_QUOTED_INCLUDE_IN_FRAMEWORK_HEADER = YES;
				CLANG_WARN_RANGE_LOOP_ANALYSIS = YES;
				CLANG_WARN_STRICT_PROTOTYPES = YES;
				CLANG_WARN_SUSPICIOUS_MOVE = YES;
				CLANG_WARN_UNGUARDED_AVAILABILITY = YES_AGGRESSIVE;
				CLANG_WARN_UNREACHABLE_CODE = YES;
				CLANG_WARN__DUPLICATE_METHOD_MATCH = YES;
				COPY_PHASE_STRIP = NO;
				DEBUG_INFORMATION_FORMAT = "dwarf-with-dsym";
				ENABLE_NS_ASSERTIONS = NO;
				ENABLE_STRICT_OBJC_MSGSEND = YES;
				GCC_C_LANGUAGE_STANDARD = gnu11;
				GCC_NO_COMMON_BLOCKS = YES;
				GCC_WARN_64_TO_32_BIT_CONVERSION = YES;
				GCC_WARN_ABOUT_RETURN_TYPE = YES_ERROR;
				GCC_WARN_UNDECLARED_SELECTOR = YES;
				GCC_WARN_UNINITIALIZED_AUTOS = YES_AGGRESSIVE;
				GCC_WARN_UNUSED_FUNCTION = YES;
				GCC_WARN_UNUSED_VARIABLE = YES;
				IPHONEOS_DEPLOYMENT_TARGET = 16.1;
				MTL_ENABLE_DEBUG_INFO = NO;
				MTL_FAST_MATH = YES;
				SDKROOT = iphoneos;
				SWIFT_COMPILATION_MODE = wholemodule;
				SWIFT_OPTIMIZATION_LEVEL = "-O";
				VALIDATE_PRODUCT = YES;
			};
			name = Release;
		};
		CB3DBB0C2E11CEEE000FDC99 /* Debug */ = {
			isa = XCBuildConfiguration;
			buildSettings = {
				ASSETCATALOG_COMPILER_APPICON_NAME = AppIcon;
				ASSETCATALOG_COMPILER_GLOBAL_ACCENT_COLOR_NAME = AccentColor;
				CODE_SIGN_STYLE = Automatic;
				CURRENT_PROJECT_VERSION = 1;
				DEVELOPMENT_ASSET_PATHS = "\"Expense_Track/Preview Content\"";
				DEVELOPMENT_TEAM = ZJNS2B27YW;
				ENABLE_PREVIEWS = YES;
				GENERATE_INFOPLIST_FILE = YES;
				INFOPLIST_KEY_UIApplicationSceneManifest_Generation = YES;
				INFOPLIST_KEY_UIApplicationSupportsIndirectInputEvents = YES;
				INFOPLIST_KEY_UILaunchScreen_Generation = YES;
				INFOPLIST_KEY_UISupportedInterfaceOrientations_iPad = "UIInterfaceOrientationPortrait UIInterfaceOrientationPortraitUpsideDown UIInterfaceOrientationLandscapeLeft UIInterfaceOrientationLandscapeRight";
				INFOPLIST_KEY_UISupportedInterfaceOrientations_iPhone = "UIInterfaceOrientationPortrait UIInterfaceOrientationLandscapeLeft UIInterfaceOrientationLandscapeRight";
				LD_RUNPATH_SEARCH_PATHS = (
					"$(inherited)",
					"@executable_path/Frameworks",
				);
				MARKETING_VERSION = 1.0;
				PRODUCT_BUNDLE_IDENTIFIER = "KrausTech.Expense-Track";
				PRODUCT_NAME = "$(TARGET_NAME)";
				SWIFT_EMIT_LOC_STRINGS = YES;
				SWIFT_VERSION = 5.0;
				TARGETED_DEVICE_FAMILY = "1,2";
			};
			name = Debug;
		};
		CB3DBB0D2E11CEEE000FDC99 /* Release */ = {
			isa = XCBuildConfiguration;
			buildSettings = {
				ASSETCATALOG_COMPILER_APPICON_NAME = AppIcon;
				ASSETCATALOG_COMPILER_GLOBAL_ACCENT_COLOR_NAME = AccentColor;
				CODE_SIGN_STYLE = Automatic;
				CURRENT_PROJECT_VERSION = 1;
				DEVELOPMENT_ASSET_PATHS = "\"Expense_Track/Preview Content\"";
				DEVELOPMENT_TEAM = ZJNS2B27YW;
				ENABLE_PREVIEWS = YES;
				GENERATE_INFOPLIST_FILE = YES;
				INFOPLIST_KEY_UIApplicationSceneManifest_Generation = YES;
				INFOPLIST_KEY_UIApplicationSupportsIndirectInputEvents = YES;
				INFOPLIST_KEY_UILaunchScreen_Generation = YES;
				INFOPLIST_KEY_UISupportedInterfaceOrientations_iPad = "UIInterfaceOrientationPortrait UIInterfaceOrientationPortraitUpsideDown UIInterfaceOrientationLandscapeLeft UIInterfaceOrientationLandscapeRight";
				INFOPLIST_KEY_UISupportedInterfaceOrientations_iPhone = "UIInterfaceOrientationPortrait UIInterfaceOrientationLandscapeLeft UIInterfaceOrientationLandscapeRight";
				LD_RUNPATH_SEARCH_PATHS = (
					"$(inherited)",
					"@executable_path/Frameworks",
				);
				MARKETING_VERSION = 1.0;
				PRODUCT_BUNDLE_IDENTIFIER = "KrausTech.Expense-Track";
				PRODUCT_NAME = "$(TARGET_NAME)";
				SWIFT_EMIT_LOC_STRINGS = YES;
				SWIFT_VERSION = 5.0;
				TARGETED_DEVICE_FAMILY = "1,2";
			};
			name = Release;
		};
		CB3DBB0F2E11CEEE000FDC99 /* Debug */ = {
			isa = XCBuildConfiguration;
			buildSettings = {
				ALWAYS_EMBED_SWIFT_STANDARD_LIBRARIES = YES;
				BUNDLE_LOADER = "$(TEST_HOST)";
				CODE_SIGN_STYLE = Automatic;
				CURRENT_PROJECT_VERSION = 1;
				DEVELOPMENT_TEAM = ZJNS2B27YW;
				GENERATE_INFOPLIST_FILE = YES;
				IPHONEOS_DEPLOYMENT_TARGET = 16.1;
				MARKETING_VERSION = 1.0;
				PRODUCT_BUNDLE_IDENTIFIER = "KrausTech.Expense-TrackTests";
				PRODUCT_NAME = "$(TARGET_NAME)";
				SWIFT_EMIT_LOC_STRINGS = NO;
				SWIFT_VERSION = 5.0;
				TARGETED_DEVICE_FAMILY = "1,2";
				TEST_HOST = "$(BUILT_PRODUCTS_DIR)/Expense_Track.app/$(BUNDLE_EXECUTABLE_FOLDER_PATH)/Expense_Track";
			};
			name = Debug;
		};
		CB3DBB102E11CEEE000FDC99 /* Release */ = {
			isa = XCBuildConfiguration;
			buildSettings = {
				ALWAYS_EMBED_SWIFT_STANDARD_LIBRARIES = YES;
				BUNDLE_LOADER = "$(TEST_HOST)";
				CODE_SIGN_STYLE = Automatic;
				CURRENT_PROJECT_VERSION = 1;
				DEVELOPMENT_TEAM = ZJNS2B27YW;
				GENERATE_INFOPLIST_FILE = YES;
				IPHONEOS_DEPLOYMENT_TARGET = 16.1;
				MARKETING_VERSION = 1.0;
				PRODUCT_BUNDLE_IDENTIFIER = "KrausTech.Expense-TrackTests";
				PRODUCT_NAME = "$(TARGET_NAME)";
				SWIFT_EMIT_LOC_STRINGS = NO;
				SWIFT_VERSION = 5.0;
				TARGETED_DEVICE_FAMILY = "1,2";
				TEST_HOST = "$(BUILT_PRODUCTS_DIR)/Expense_Track.app/$(BUNDLE_EXECUTABLE_FOLDER_PATH)/Expense_Track";
			};
			name = Release;
		};
		CB3DBB122E11CEEE000FDC99 /* Debug */ = {
			isa = XCBuildConfiguration;
			buildSettings = {
				ALWAYS_EMBED_SWIFT_STANDARD_LIBRARIES = YES;
				CODE_SIGN_STYLE = Automatic;
				CURRENT_PROJECT_VERSION = 1;
				DEVELOPMENT_TEAM = ZJNS2B27YW;
				GENERATE_INFOPLIST_FILE = YES;
				MARKETING_VERSION = 1.0;
				PRODUCT_BUNDLE_IDENTIFIER = "KrausTech.Expense-TrackUITests";
				PRODUCT_NAME = "$(TARGET_NAME)";
				SWIFT_EMIT_LOC_STRINGS = NO;
				SWIFT_VERSION = 5.0;
				TARGETED_DEVICE_FAMILY = "1,2";
				TEST_TARGET_NAME = Expense_Track;
			};
			name = Debug;
		};
		CB3DBB132E11CEEE000FDC99 /* Release */ = {
			isa = XCBuildConfiguration;
			buildSettings = {
				ALWAYS_EMBED_SWIFT_STANDARD_LIBRARIES = YES;
				CODE_SIGN_STYLE = Automatic;
				CURRENT_PROJECT_VERSION = 1;
				DEVELOPMENT_TEAM = ZJNS2B27YW;
				GENERATE_INFOPLIST_FILE = YES;
				MARKETING_VERSION = 1.0;
				PRODUCT_BUNDLE_IDENTIFIER = "KrausTech.Expense-TrackUITests";
				PRODUCT_NAME = "$(TARGET_NAME)";
				SWIFT_EMIT_LOC_STRINGS = NO;
				SWIFT_VERSION = 5.0;
				TARGETED_DEVICE_FAMILY = "1,2";
				TEST_TARGET_NAME = Expense_Track;
			};
			name = Release;
		};
/* End XCBuildConfiguration section */

/* Begin XCConfigurationList section */
		CB3DBAE22E11CEE9000FDC99 /* Build configuration list for PBXProject "Expense_Track" */ = {
			isa = XCConfigurationList;
			buildConfigurations = (
				CB3DBB092E11CEEE000FDC99 /* Debug */,
				CB3DBB0A2E11CEEE000FDC99 /* Release */,
			);
			defaultConfigurationIsVisible = 0;
			defaultConfigurationName = Release;
		};
		CB3DBB0B2E11CEEE000FDC99 /* Build configuration list for PBXNativeTarget "Expense_Track" */ = {
			isa = XCConfigurationList;
			buildConfigurations = (
				CB3DBB0C2E11CEEE000FDC99 /* Debug */,
				CB3DBB0D2E11CEEE000FDC99 /* Release */,
			);
			defaultConfigurationIsVisible = 0;
			defaultConfigurationName = Release;
		};
		CB3DBB0E2E11CEEE000FDC99 /* Build configuration list for PBXNativeTarget "Expense_TrackTests" */ = {
			isa = XCConfigurationList;
			buildConfigurations = (
				CB3DBB0F2E11CEEE000FDC99 /* Debug */,
				CB3DBB102E11CEEE000FDC99 /* Release */,
			);
			defaultConfigurationIsVisible = 0;
			defaultConfigurationName = Release;
		};
		CB3DBB112E11CEEE000FDC99 /* Build configuration list for PBXNativeTarget "Expense_TrackUITests" */ = {
			isa = XCConfigurationList;
			buildConfigurations = (
				CB3DBB122E11CEEE000FDC99 /* Debug */,
				CB3DBB132E11CEEE000FDC99 /* Release */,
			);
			defaultConfigurationIsVisible = 0;
			defaultConfigurationName = Release;
		};
/* End XCConfigurationList section */

/* Begin XCRemoteSwiftPackageReference section */
		CB3DBB1E2E11DC52000FDC99 /* XCRemoteSwiftPackageReference "firebase-ios-sdk" */ = {
			isa = XCRemoteSwiftPackageReference;
			repositoryURL = "https://github.com/firebase/firebase-ios-sdk";
			requirement = {
				kind = upToNextMajorVersion;
				minimumVersion = 9.0.0;
			};
		};
/* End XCRemoteSwiftPackageReference section */

/* Begin XCSwiftPackageProductDependency section */
		CB3DBB1F2E11DC52000FDC99 /* FirebaseAppCheck */ = {
			isa = XCSwiftPackageProductDependency;
			package = CB3DBB1E2E11DC52000FDC99 /* XCRemoteSwiftPackageReference "firebase-ios-sdk" */;
			productName = FirebaseAppCheck;
		};
		CB3DBB212E11DC52000FDC99 /* FirebaseAuth */ = {
			isa = XCSwiftPackageProductDependency;
			package = CB3DBB1E2E11DC52000FDC99 /* XCRemoteSwiftPackageReference "firebase-ios-sdk" */;
			productName = FirebaseAuth;
		};
		CB3DBB232E11DC52000FDC99 /* FirebaseFirestore */ = {
			isa = XCSwiftPackageProductDependency;
			package = CB3DBB1E2E11DC52000FDC99 /* XCRemoteSwiftPackageReference "firebase-ios-sdk" */;
			productName = FirebaseFirestore;
		};
		CB3DBB252E11DC52000FDC99 /* FirebaseFirestoreSwift */ = {
			isa = XCSwiftPackageProductDependency;
			package = CB3DBB1E2E11DC52000FDC99 /* XCRemoteSwiftPackageReference "firebase-ios-sdk" */;
			productName = FirebaseFirestoreSwift;
		};
/* End XCSwiftPackageProductDependency section */
	};
	rootObject = CB3DBADF2E11CEE9000FDC99 /* Project object */;
}
