// !$*UTF8*$!
{
	archiveVersion = 1;
	classes = {
	};
	objectVersion = 56;
	objects = {

/* Begin PBXBuildFile section */
		CB9D69762DFCE8940009BF6A /* Currency_ConverterApp.swift in Sources */ = {isa = PBXBuildFile; fileRef = CB9D69752DFCE8940009BF6A /* Currency_ConverterApp.swift */; };
		CB9D69782DFCE8940009BF6A /* ContentView.swift in Sources */ = {isa = PBXBuildFile; fileRef = CB9D69772DFCE8940009BF6A /* ContentView.swift */; };
		CB9D697A2DFCE8980009BF6A /* Assets.xcassets in Resources */ = {isa = PBXBuildFile; fileRef = CB9D69792DFCE8980009BF6A /* Assets.xcassets */; };
		CB9D697D2DFCE8980009BF6A /* Preview Assets.xcassets in Resources */ = {isa = PBXBuildFile; fileRef = CB9D697C2DFCE8980009BF6A /* Preview Assets.xcassets */; };
		CB9D69872DFCE8990009BF6A /* Currency_ConverterTests.swift in Sources */ = {isa = PBXBuildFile; fileRef = CB9D69862DFCE8990009BF6A /* Currency_ConverterTests.swift */; };
		CB9D69912DFCE8990009BF6A /* Currency_ConverterUITests.swift in Sources */ = {isa = PBXBuildFile; fileRef = CB9D69902DFCE8990009BF6A /* Currency_ConverterUITests.swift */; };
		CB9D69932DFCE8990009BF6A /* Currency_ConverterUITestsLaunchTests.swift in Sources */ = {isa = PBXBuildFile; fileRef = CB9D69922DFCE8990009BF6A /* Currency_ConverterUITestsLaunchTests.swift */; };
/* End PBXBuildFile section */

/* Begin PBXContainerItemProxy section */
		CB9D69832DFCE8990009BF6A /* PBXContainerItemProxy */ = {
			isa = PBXContainerItemProxy;
			containerPortal = CB9D696A2DFCE8940009BF6A /* Project object */;
			proxyType = 1;
			remoteGlobalIDString = CB9D69712DFCE8940009BF6A;
			remoteInfo = Currency_Converter;
		};
		CB9D698D2DFCE8990009BF6A /* PBXContainerItemProxy */ = {
			isa = PBXContainerItemProxy;
			containerPortal = CB9D696A2DFCE8940009BF6A /* Project object */;
			proxyType = 1;
			remoteGlobalIDString = CB9D69712DFCE8940009BF6A;
			remoteInfo = Currency_Converter;
		};
/* End PBXContainerItemProxy section */

/* Begin PBXFileReference section */
		CB9D69722DFCE8940009BF6A /* Currency_Converter.app */ = {isa = PBXFileReference; explicitFileType = wrapper.application; includeInIndex = 0; path = Currency_Converter.app; sourceTree = BUILT_PRODUCTS_DIR; };
		CB9D69752DFCE8940009BF6A /* Currency_ConverterApp.swift */ = {isa = PBXFileReference; lastKnownFileType = sourcecode.swift; path = Currency_ConverterApp.swift; sourceTree = "<group>"; };
		CB9D69772DFCE8940009BF6A /* ContentView.swift */ = {isa = PBXFileReference; lastKnownFileType = sourcecode.swift; path = ContentView.swift; sourceTree = "<group>"; };
		CB9D69792DFCE8980009BF6A /* Assets.xcassets */ = {isa = PBXFileReference; lastKnownFileType = folder.assetcatalog; path = Assets.xcassets; sourceTree = "<group>"; };
		CB9D697C2DFCE8980009BF6A /* Preview Assets.xcassets */ = {isa = PBXFileReference; lastKnownFileType = folder.assetcatalog; path = "Preview Assets.xcassets"; sourceTree = "<group>"; };
		CB9D69822DFCE8990009BF6A /* Currency_ConverterTests.xctest */ = {isa = PBXFileReference; explicitFileType = wrapper.cfbundle; includeInIndex = 0; path = Currency_ConverterTests.xctest; sourceTree = BUILT_PRODUCTS_DIR; };
		CB9D69862DFCE8990009BF6A /* Currency_ConverterTests.swift */ = {isa = PBXFileReference; lastKnownFileType = sourcecode.swift; path = Currency_ConverterTests.swift; sourceTree = "<group>"; };
		CB9D698C2DFCE8990009BF6A /* Currency_ConverterUITests.xctest */ = {isa = PBXFileReference; explicitFileType = wrapper.cfbundle; includeInIndex = 0; path = Currency_ConverterUITests.xctest; sourceTree = BUILT_PRODUCTS_DIR; };
		CB9D69902DFCE8990009BF6A /* Currency_ConverterUITests.swift */ = {isa = PBXFileReference; lastKnownFileType = sourcecode.swift; path = Currency_ConverterUITests.swift; sourceTree = "<group>"; };
		CB9D69922DFCE8990009BF6A /* Currency_ConverterUITestsLaunchTests.swift */ = {isa = PBXFileReference; lastKnownFileType = sourcecode.swift; path = Currency_ConverterUITestsLaunchTests.swift; sourceTree = "<group>"; };
/* End PBXFileReference section */

/* Begin PBXFrameworksBuildPhase section */
		CB9D696F2DFCE8940009BF6A /* Frameworks */ = {
			isa = PBXFrameworksBuildPhase;
			buildActionMask = 2147483647;
			files = (
			);
			runOnlyForDeploymentPostprocessing = 0;
		};
		CB9D697F2DFCE8990009BF6A /* Frameworks */ = {
			isa = PBXFrameworksBuildPhase;
			buildActionMask = 2147483647;
			files = (
			);
			runOnlyForDeploymentPostprocessing = 0;
		};
		CB9D69892DFCE8990009BF6A /* Frameworks */ = {
			isa = PBXFrameworksBuildPhase;
			buildActionMask = 2147483647;
			files = (
			);
			runOnlyForDeploymentPostprocessing = 0;
		};
/* End PBXFrameworksBuildPhase section */

/* Begin PBXGroup section */
		CB9D69692DFCE8940009BF6A = {
			isa = PBXGroup;
			children = (
				CB9D69742DFCE8940009BF6A /* Currency_Converter */,
				CB9D69852DFCE8990009BF6A /* Currency_ConverterTests */,
				CB9D698F2DFCE8990009BF6A /* Currency_ConverterUITests */,
				CB9D69732DFCE8940009BF6A /* Products */,
			);
			sourceTree = "<group>";
		};
		CB9D69732DFCE8940009BF6A /* Products */ = {
			isa = PBXGroup;
			children = (
				CB9D69722DFCE8940009BF6A /* Currency_Converter.app */,
				CB9D69822DFCE8990009BF6A /* Currency_ConverterTests.xctest */,
				CB9D698C2DFCE8990009BF6A /* Currency_ConverterUITests.xctest */,
			);
			name = Products;
			sourceTree = "<group>";
		};
		CB9D69742DFCE8940009BF6A /* Currency_Converter */ = {
			isa = PBXGroup;
			children = (
				CB9D69752DFCE8940009BF6A /* Currency_ConverterApp.swift */,
				CB9D69772DFCE8940009BF6A /* ContentView.swift */,
				CB9D69792DFCE8980009BF6A /* Assets.xcassets */,
				CB9D697B2DFCE8980009BF6A /* Preview Content */,
			);
			path = Currency_Converter;
			sourceTree = "<group>";
		};
		CB9D697B2DFCE8980009BF6A /* Preview Content */ = {
			isa = PBXGroup;
			children = (
				CB9D697C2DFCE8980009BF6A /* Preview Assets.xcassets */,
			);
			path = "Preview Content";
			sourceTree = "<group>";
		};
		CB9D69852DFCE8990009BF6A /* Currency_ConverterTests */ = {
			isa = PBXGroup;
			children = (
				CB9D69862DFCE8990009BF6A /* Currency_ConverterTests.swift */,
			);
			path = Currency_ConverterTests;
			sourceTree = "<group>";
		};
		CB9D698F2DFCE8990009BF6A /* Currency_ConverterUITests */ = {
			isa = PBXGroup;
			children = (
				CB9D69902DFCE8990009BF6A /* Currency_ConverterUITests.swift */,
				CB9D69922DFCE8990009BF6A /* Currency_ConverterUITestsLaunchTests.swift */,
			);
			path = Currency_ConverterUITests;
			sourceTree = "<group>";
		};
/* End PBXGroup section */

/* Begin PBXNativeTarget section */
		CB9D69712DFCE8940009BF6A /* Currency_Converter */ = {
			isa = PBXNativeTarget;
			buildConfigurationList = CB9D69962DFCE8990009BF6A /* Build configuration list for PBXNativeTarget "Currency_Converter" */;
			buildPhases = (
				CB9D696E2DFCE8940009BF6A /* Sources */,
				CB9D696F2DFCE8940009BF6A /* Frameworks */,
				CB9D69702DFCE8940009BF6A /* Resources */,
			);
			buildRules = (
			);
			dependencies = (
			);
			name = Currency_Converter;
			productName = Currency_Converter;
			productReference = CB9D69722DFCE8940009BF6A /* Currency_Converter.app */;
			productType = "com.apple.product-type.application";
		};
		CB9D69812DFCE8990009BF6A /* Currency_ConverterTests */ = {
			isa = PBXNativeTarget;
			buildConfigurationList = CB9D69992DFCE8990009BF6A /* Build configuration list for PBXNativeTarget "Currency_ConverterTests" */;
			buildPhases = (
				CB9D697E2DFCE8990009BF6A /* Sources */,
				CB9D697F2DFCE8990009BF6A /* Frameworks */,
				CB9D69802DFCE8990009BF6A /* Resources */,
			);
			buildRules = (
			);
			dependencies = (
				CB9D69842DFCE8990009BF6A /* PBXTargetDependency */,
			);
			name = Currency_ConverterTests;
			productName = Currency_ConverterTests;
			productReference = CB9D69822DFCE8990009BF6A /* Currency_ConverterTests.xctest */;
			productType = "com.apple.product-type.bundle.unit-test";
		};
		CB9D698B2DFCE8990009BF6A /* Currency_ConverterUITests */ = {
			isa = PBXNativeTarget;
			buildConfigurationList = CB9D699C2DFCE8990009BF6A /* Build configuration list for PBXNativeTarget "Currency_ConverterUITests" */;
			buildPhases = (
				CB9D69882DFCE8990009BF6A /* Sources */,
				CB9D69892DFCE8990009BF6A /* Frameworks */,
				CB9D698A2DFCE8990009BF6A /* Resources */,
			);
			buildRules = (
			);
			dependencies = (
				CB9D698E2DFCE8990009BF6A /* PBXTargetDependency */,
			);
			name = Currency_ConverterUITests;
			productName = Currency_ConverterUITests;
			productReference = CB9D698C2DFCE8990009BF6A /* Currency_ConverterUITests.xctest */;
			productType = "com.apple.product-type.bundle.ui-testing";
		};
/* End PBXNativeTarget section */

/* Begin PBXProject section */
		CB9D696A2DFCE8940009BF6A /* Project object */ = {
			isa = PBXProject;
			attributes = {
				BuildIndependentTargetsInParallel = 1;
				LastSwiftUpdateCheck = 1410;
				LastUpgradeCheck = 1410;
				TargetAttributes = {
					CB9D69712DFCE8940009BF6A = {
						CreatedOnToolsVersion = 14.1;
					};
					CB9D69812DFCE8990009BF6A = {
						CreatedOnToolsVersion = 14.1;
						TestTargetID = CB9D69712DFCE8940009BF6A;
					};
					CB9D698B2DFCE8990009BF6A = {
						CreatedOnToolsVersion = 14.1;
						TestTargetID = CB9D69712DFCE8940009BF6A;
					};
				};
			};
			buildConfigurationList = CB9D696D2DFCE8940009BF6A /* Build configuration list for PBXProject "Currency_Converter" */;
			compatibilityVersion = "Xcode 14.0";
			developmentRegion = en;
			hasScannedForEncodings = 0;
			knownRegions = (
				en,
				Base,
			);
			mainGroup = CB9D69692DFCE8940009BF6A;
			productRefGroup = CB9D69732DFCE8940009BF6A /* Products */;
			projectDirPath = "";
			projectRoot = "";
			targets = (
				CB9D69712DFCE8940009BF6A /* Currency_Converter */,
				CB9D69812DFCE8990009BF6A /* Currency_ConverterTests */,
				CB9D698B2DFCE8990009BF6A /* Currency_ConverterUITests */,
			);
		};
/* End PBXProject section */

/* Begin PBXResourcesBuildPhase section */
		CB9D69702DFCE8940009BF6A /* Resources */ = {
			isa = PBXResourcesBuildPhase;
			buildActionMask = 2147483647;
			files = (
				CB9D697D2DFCE8980009BF6A /* Preview Assets.xcassets in Resources */,
				CB9D697A2DFCE8980009BF6A /* Assets.xcassets in Resources */,
			);
			runOnlyForDeploymentPostprocessing = 0;
		};
		CB9D69802DFCE8990009BF6A /* Resources */ = {
			isa = PBXResourcesBuildPhase;
			buildActionMask = 2147483647;
			files = (
			);
			runOnlyForDeploymentPostprocessing = 0;
		};
		CB9D698A2DFCE8990009BF6A /* Resources */ = {
			isa = PBXResourcesBuildPhase;
			buildActionMask = 2147483647;
			files = (
			);
			runOnlyForDeploymentPostprocessing = 0;
		};
/* End PBXResourcesBuildPhase section */

/* Begin PBXSourcesBuildPhase section */
		CB9D696E2DFCE8940009BF6A /* Sources */ = {
			isa = PBXSourcesBuildPhase;
			buildActionMask = 2147483647;
			files = (
				CB9D69782DFCE8940009BF6A /* ContentView.swift in Sources */,
				CB9D69762DFCE8940009BF6A /* Currency_ConverterApp.swift in Sources */,
			);
			runOnlyForDeploymentPostprocessing = 0;
		};
		CB9D697E2DFCE8990009BF6A /* Sources */ = {
			isa = PBXSourcesBuildPhase;
			buildActionMask = 2147483647;
			files = (
				CB9D69872DFCE8990009BF6A /* Currency_ConverterTests.swift in Sources */,
			);
			runOnlyForDeploymentPostprocessing = 0;
		};
		CB9D69882DFCE8990009BF6A /* Sources */ = {
			isa = PBXSourcesBuildPhase;
			buildActionMask = 2147483647;
			files = (
				CB9D69932DFCE8990009BF6A /* Currency_ConverterUITestsLaunchTests.swift in Sources */,
				CB9D69912DFCE8990009BF6A /* Currency_ConverterUITests.swift in Sources */,
			);
			runOnlyForDeploymentPostprocessing = 0;
		};
/* End PBXSourcesBuildPhase section */

/* Begin PBXTargetDependency section */
		CB9D69842DFCE8990009BF6A /* PBXTargetDependency */ = {
			isa = PBXTargetDependency;
			target = CB9D69712DFCE8940009BF6A /* Currency_Converter */;
			targetProxy = CB9D69832DFCE8990009BF6A /* PBXContainerItemProxy */;
		};
		CB9D698E2DFCE8990009BF6A /* PBXTargetDependency */ = {
			isa = PBXTargetDependency;
			target = CB9D69712DFCE8940009BF6A /* Currency_Converter */;
			targetProxy = CB9D698D2DFCE8990009BF6A /* PBXContainerItemProxy */;
		};
/* End PBXTargetDependency section */

/* Begin XCBuildConfiguration section */
		CB9D69942DFCE8990009BF6A /* Debug */ = {
			isa = XCBuildConfiguration;
			buildSettings = {
				ALWAYS_SEARCH_USER_PATHS = NO;
				CLANG_ANALYZER_NONNULL = YES;
				CLANG_ANALYZER_NUMBER_OBJECT_CONVERSION = YES_AGGRESSIVE;
				CLANG_CXX_LANGUAGE_STANDARD = "gnu++20";
				CLANG_ENABLE_MODULES = YES;
				CLANG_ENABLE_OBJC_ARC = YES;
				CLANG_ENABLE_OBJC_WEAK = YES;
				CLANG_WARN_BLOCK_CAPTURE_AUTORELEASING = YES;
				CLANG_WARN_BOOL_CONVERSION = YES;
				CLANG_WARN_COMMA = YES;
				CLANG_WARN_CONSTANT_CONVERSION = YES;
				CLANG_WARN_DEPRECATED_OBJC_IMPLEMENTATIONS = YES;
				CLANG_WARN_DIRECT_OBJC_ISA_USAGE = YES_ERROR;
				CLANG_WARN_DOCUMENTATION_COMMENTS = YES;
				CLANG_WARN_EMPTY_BODY = YES;
				CLANG_WARN_ENUM_CONVERSION = YES;
				CLANG_WARN_INFINITE_RECURSION = YES;
				CLANG_WARN_INT_CONVERSION = YES;
				CLANG_WARN_NON_LITERAL_NULL_CONVERSION = YES;
				CLANG_WARN_OBJC_IMPLICIT_RETAIN_SELF = YES;
				CLANG_WARN_OBJC_LITERAL_CONVERSION = YES;
				CLANG_WARN_OBJC_ROOT_CLASS = YES_ERROR;
				CLANG_WARN_QUOTED_INCLUDE_IN_FRAMEWORK_HEADER = YES;
				CLANG_WARN_RANGE_LOOP_ANALYSIS = YES;
				CLANG_WARN_STRICT_PROTOTYPES = YES;
				CLANG_WARN_SUSPICIOUS_MOVE = YES;
				CLANG_WARN_UNGUARDED_AVAILABILITY = YES_AGGRESSIVE;
				CLANG_WARN_UNREACHABLE_CODE = YES;
				CLANG_WARN__DUPLICATE_METHOD_MATCH = YES;
				COPY_PHASE_STRIP = NO;
				DEBUG_INFORMATION_FORMAT = dwarf;
				ENABLE_STRICT_OBJC_MSGSEND = YES;
				ENABLE_TESTABILITY = YES;
				GCC_C_LANGUAGE_STANDARD = gnu11;
				GCC_DYNAMIC_NO_PIC = NO;
				GCC_NO_COMMON_BLOCKS = YES;
				GCC_OPTIMIZATION_LEVEL = 0;
				GCC_PREPROCESSOR_DEFINITIONS = (
					"DEBUG=1",
					"$(inherited)",
				);
				GCC_WARN_64_TO_32_BIT_CONVERSION = YES;
				GCC_WARN_ABOUT_RETURN_TYPE = YES_ERROR;
				GCC_WARN_UNDECLARED_SELECTOR = YES;
				GCC_WARN_UNINITIALIZED_AUTOS = YES_AGGRESSIVE;
				GCC_WARN_UNUSED_FUNCTION = YES;
				GCC_WARN_UNUSED_VARIABLE = YES;
				IPHONEOS_DEPLOYMENT_TARGET = 16.1;
				MTL_ENABLE_DEBUG_INFO = INCLUDE_SOURCE;
				MTL_FAST_MATH = YES;
				ONLY_ACTIVE_ARCH = YES;
				SDKROOT = iphoneos;
				SWIFT_ACTIVE_COMPILATION_CONDITIONS = DEBUG;
				SWIFT_OPTIMIZATION_LEVEL = "-Onone";
			};
			name = Debug;
		};
		CB9D69952DFCE8990009BF6A /* Release */ = {
			isa = XCBuildConfiguration;
			buildSettings = {
				ALWAYS_SEARCH_USER_PATHS = NO;
				CLANG_ANALYZER_NONNULL = YES;
				CLANG_ANALYZER_NUMBER_OBJECT_CONVERSION = YES_AGGRESSIVE;
				CLANG_CXX_LANGUAGE_STANDARD = "gnu++20";
				CLANG_ENABLE_MODULES = YES;
				CLANG_ENABLE_OBJC_ARC = YES;
				CLANG_ENABLE_OBJC_WEAK = YES;
				CLANG_WARN_BLOCK_CAPTURE_AUTORELEASING = YES;
				CLANG_WARN_BOOL_CONVERSION = YES;
				CLANG_WARN_COMMA = YES;
				CLANG_WARN_CONSTANT_CONVERSION = YES;
				CLANG_WARN_DEPRECATED_OBJC_IMPLEMENTATIONS = YES;
				CLANG_WARN_DIRECT_OBJC_ISA_USAGE = YES_ERROR;
				CLANG_WARN_DOCUMENTATION_COMMENTS = YES;
				CLANG_WARN_EMPTY_BODY = YES;
				CLANG_WARN_ENUM_CONVERSION = YES;
				CLANG_WARN_INFINITE_RECURSION = YES;
				CLANG_WARN_INT_CONVERSION = YES;
				CLANG_WARN_NON_LITERAL_NULL_CONVERSION = YES;
				CLANG_WARN_OBJC_IMPLICIT_RETAIN_SELF = YES;
				CLANG_WARN_OBJC_LITERAL_CONVERSION = YES;
				CLANG_WARN_OBJC_ROOT_CLASS = YES_ERROR;
				CLANG_WARN_QUOTED_INCLUDE_IN_FRAMEWORK_HEADER = YES;
				CLANG_WARN_RANGE_LOOP_ANALYSIS = YES;
				CLANG_WARN_STRICT_PROTOTYPES = YES;
				CLANG_WARN_SUSPICIOUS_MOVE = YES;
				CLANG_WARN_UNGUARDED_AVAILABILITY = YES_AGGRESSIVE;
				CLANG_WARN_UNREACHABLE_CODE = YES;
				CLANG_WARN__DUPLICATE_METHOD_MATCH = YES;
				COPY_PHASE_STRIP = NO;
				DEBUG_INFORMATION_FORMAT = "dwarf-with-dsym";
				ENABLE_NS_ASSERTIONS = NO;
				ENABLE_STRICT_OBJC_MSGSEND = YES;
				GCC_C_LANGUAGE_STANDARD = gnu11;
				GCC_NO_COMMON_BLOCKS = YES;
				GCC_WARN_64_TO_32_BIT_CONVERSION = YES;
				GCC_WARN_ABOUT_RETURN_TYPE = YES_ERROR;
				GCC_WARN_UNDECLARED_SELECTOR = YES;
				GCC_WARN_UNINITIALIZED_AUTOS = YES_AGGRESSIVE;
				GCC_WARN_UNUSED_FUNCTION = YES;
				GCC_WARN_UNUSED_VARIABLE = YES;
				IPHONEOS_DEPLOYMENT_TARGET = 16.1;
				MTL_ENABLE_DEBUG_INFO = NO;
				MTL_FAST_MATH = YES;
				SDKROOT = iphoneos;
				SWIFT_COMPILATION_MODE = wholemodule;
				SWIFT_OPTIMIZATION_LEVEL = "-O";
				VALIDATE_PRODUCT = YES;
			};
			name = Release;
		};
		CB9D69972DFCE8990009BF6A /* Debug */ = {
			isa = XCBuildConfiguration;
			buildSettings = {
				ASSETCATALOG_COMPILER_APPICON_NAME = AppIcon;
				ASSETCATALOG_COMPILER_GLOBAL_ACCENT_COLOR_NAME = AccentColor;
				CODE_SIGN_STYLE = Automatic;
				CURRENT_PROJECT_VERSION = 1;
				DEVELOPMENT_ASSET_PATHS = "\"Currency_Converter/Preview Content\"";
				ENABLE_PREVIEWS = YES;
				GENERATE_INFOPLIST_FILE = YES;
				INFOPLIST_KEY_UIApplicationSceneManifest_Generation = YES;
				INFOPLIST_KEY_UIApplicationSupportsIndirectInputEvents = YES;
				INFOPLIST_KEY_UILaunchScreen_Generation = YES;
				INFOPLIST_KEY_UISupportedInterfaceOrientations_iPad = "UIInterfaceOrientationPortrait UIInterfaceOrientationPortraitUpsideDown UIInterfaceOrientationLandscapeLeft UIInterfaceOrientationLandscapeRight";
				INFOPLIST_KEY_UISupportedInterfaceOrientations_iPhone = "UIInterfaceOrientationPortrait UIInterfaceOrientationLandscapeLeft UIInterfaceOrientationLandscapeRight";
				LD_RUNPATH_SEARCH_PATHS = (
					"$(inherited)",
					"@executable_path/Frameworks",
				);
				MARKETING_VERSION = 1.0;
				PRODUCT_BUNDLE_IDENTIFIER = "KrausTech.Currency-Converter";
				PRODUCT_NAME = "$(TARGET_NAME)";
				SWIFT_EMIT_LOC_STRINGS = YES;
				SWIFT_VERSION = 5.0;
				TARGETED_DEVICE_FAMILY = "1,2";
			};
			name = Debug;
		};
		CB9D69982DFCE8990009BF6A /* Release */ = {
			isa = XCBuildConfiguration;
			buildSettings = {
				ASSETCATALOG_COMPILER_APPICON_NAME = AppIcon;
				ASSETCATALOG_COMPILER_GLOBAL_ACCENT_COLOR_NAME = AccentColor;
				CODE_SIGN_STYLE = Automatic;
				CURRENT_PROJECT_VERSION = 1;
				DEVELOPMENT_ASSET_PATHS = "\"Currency_Converter/Preview Content\"";
				ENABLE_PREVIEWS = YES;
				GENERATE_INFOPLIST_FILE = YES;
				INFOPLIST_KEY_UIApplicationSceneManifest_Generation = YES;
				INFOPLIST_KEY_UIApplicationSupportsIndirectInputEvents = YES;
				INFOPLIST_KEY_UILaunchScreen_Generation = YES;
				INFOPLIST_KEY_UISupportedInterfaceOrientations_iPad = "UIInterfaceOrientationPortrait UIInterfaceOrientationPortraitUpsideDown UIInterfaceOrientationLandscapeLeft UIInterfaceOrientationLandscapeRight";
				INFOPLIST_KEY_UISupportedInterfaceOrientations_iPhone = "UIInterfaceOrientationPortrait UIInterfaceOrientationLandscapeLeft UIInterfaceOrientationLandscapeRight";
				LD_RUNPATH_SEARCH_PATHS = (
					"$(inherited)",
					"@executable_path/Frameworks",
				);
				MARKETING_VERSION = 1.0;
				PRODUCT_BUNDLE_IDENTIFIER = "KrausTech.Currency-Converter";
				PRODUCT_NAME = "$(TARGET_NAME)";
				SWIFT_EMIT_LOC_STRINGS = YES;
				SWIFT_VERSION = 5.0;
				TARGETED_DEVICE_FAMILY = "1,2";
			};
			name = Release;
		};
		CB9D699A2DFCE8990009BF6A /* Debug */ = {
			isa = XCBuildConfiguration;
			buildSettings = {
				ALWAYS_EMBED_SWIFT_STANDARD_LIBRARIES = YES;
				BUNDLE_LOADER = "$(TEST_HOST)";
				CODE_SIGN_STYLE = Automatic;
				CURRENT_PROJECT_VERSION = 1;
				GENERATE_INFOPLIST_FILE = YES;
				IPHONEOS_DEPLOYMENT_TARGET = 16.1;
				MARKETING_VERSION = 1.0;
				PRODUCT_BUNDLE_IDENTIFIER = "KrausTech.Currency-ConverterTests";
				PRODUCT_NAME = "$(TARGET_NAME)";
				SWIFT_EMIT_LOC_STRINGS = NO;
				SWIFT_VERSION = 5.0;
				TARGETED_DEVICE_FAMILY = "1,2";
				TEST_HOST = "$(BUILT_PRODUCTS_DIR)/Currency_Converter.app/$(BUNDLE_EXECUTABLE_FOLDER_PATH)/Currency_Converter";
			};
			name = Debug;
		};
		CB9D699B2DFCE8990009BF6A /* Release */ = {
			isa = XCBuildConfiguration;
			buildSettings = {
				ALWAYS_EMBED_SWIFT_STANDARD_LIBRARIES = YES;
				BUNDLE_LOADER = "$(TEST_HOST)";
				CODE_SIGN_STYLE = Automatic;
				CURRENT_PROJECT_VERSION = 1;
				GENERATE_INFOPLIST_FILE = YES;
				IPHONEOS_DEPLOYMENT_TARGET = 16.1;
				MARKETING_VERSION = 1.0;
				PRODUCT_BUNDLE_IDENTIFIER = "KrausTech.Currency-ConverterTests";
				PRODUCT_NAME = "$(TARGET_NAME)";
				SWIFT_EMIT_LOC_STRINGS = NO;
				SWIFT_VERSION = 5.0;
				TARGETED_DEVICE_FAMILY = "1,2";
				TEST_HOST = "$(BUILT_PRODUCTS_DIR)/Currency_Converter.app/$(BUNDLE_EXECUTABLE_FOLDER_PATH)/Currency_Converter";
			};
			name = Release;
		};
		CB9D699D2DFCE8990009BF6A /* Debug */ = {
			isa = XCBuildConfiguration;
			buildSettings = {
				ALWAYS_EMBED_SWIFT_STANDARD_LIBRARIES = YES;
				CODE_SIGN_STYLE = Automatic;
				CURRENT_PROJECT_VERSION = 1;
				GENERATE_INFOPLIST_FILE = YES;
				MARKETING_VERSION = 1.0;
				PRODUCT_BUNDLE_IDENTIFIER = "KrausTech.Currency-ConverterUITests";
				PRODUCT_NAME = "$(TARGET_NAME)";
				SWIFT_EMIT_LOC_STRINGS = NO;
				SWIFT_VERSION = 5.0;
				TARGETED_DEVICE_FAMILY = "1,2";
				TEST_TARGET_NAME = Currency_Converter;
			};
			name = Debug;
		};
		CB9D699E2DFCE8990009BF6A /* Release */ = {
			isa = XCBuildConfiguration;
			buildSettings = {
				ALWAYS_EMBED_SWIFT_STANDARD_LIBRARIES = YES;
				CODE_SIGN_STYLE = Automatic;
				CURRENT_PROJECT_VERSION = 1;
				GENERATE_INFOPLIST_FILE = YES;
				MARKETING_VERSION = 1.0;
				PRODUCT_BUNDLE_IDENTIFIER = "KrausTech.Currency-ConverterUITests";
				PRODUCT_NAME = "$(TARGET_NAME)";
				SWIFT_EMIT_LOC_STRINGS = NO;
				SWIFT_VERSION = 5.0;
				TARGETED_DEVICE_FAMILY = "1,2";
				TEST_TARGET_NAME = Currency_Converter;
			};
			name = Release;
		};
/* End XCBuildConfiguration section */

/* Begin XCConfigurationList section */
		CB9D696D2DFCE8940009BF6A /* Build configuration list for PBXProject "Currency_Converter" */ = {
			isa = XCConfigurationList;
			buildConfigurations = (
				CB9D69942DFCE8990009BF6A /* Debug */,
				CB9D69952DFCE8990009BF6A /* Release */,
			);
			defaultConfigurationIsVisible = 0;
			defaultConfigurationName = Release;
		};
		CB9D69962DFCE8990009BF6A /* Build configuration list for PBXNativeTarget "Currency_Converter" */ = {
			isa = XCConfigurationList;
			buildConfigurations = (
				CB9D69972DFCE8990009BF6A /* Debug */,
				CB9D69982DFCE8990009BF6A /* Release */,
			);
			defaultConfigurationIsVisible = 0;
			defaultConfigurationName = Release;
		};
		CB9D69992DFCE8990009BF6A /* Build configuration list for PBXNativeTarget "Currency_ConverterTests" */ = {
			isa = XCConfigurationList;
			buildConfigurations = (
				CB9D699A2DFCE8990009BF6A /* Debug */,
				CB9D699B2DFCE8990009BF6A /* Release */,
			);
			defaultConfigurationIsVisible = 0;
			defaultConfigurationName = Release;
		};
		CB9D699C2DFCE8990009BF6A /* Build configuration list for PBXNativeTarget "Currency_ConverterUITests" */ = {
			isa = XCConfigurationList;
			buildConfigurations = (
				CB9D699D2DFCE8990009BF6A /* Debug */,
				CB9D699E2DFCE8990009BF6A /* Release */,
			);
			defaultConfigurationIsVisible = 0;
			defaultConfigurationName = Release;
		};
/* End XCConfigurationList section */
	};
	rootObject = CB9D696A2DFCE8940009BF6A /* Project object */;
}
